
Microsoft Visual Studio Solution File, Format Version 12.00
# Visual Studio Version 17
VisualStudioVersion = 17.5.33516.290
MinimumVisualStudioVersion = 10.0.40219.1
Project("{9A19103F-16F7-4668-BE54-9A1E7A4F7556}") = "J3DX0H_GUI.WPFClient", "J3DX0H_GUI.WPFClient\J3DX0H_GUI.WPFClient.csproj", "{BBFBCC9C-B889-4716-86E8-F761CE04C4CB}"
EndProject
Project("{2150E333-8FDC-42A3-9474-1A3956D46DE8}") = "Shared", "Shared", "{AE07372E-23D6-49C0-BC0C-E938C4A6BFD2}"
EndProject
Project("{9A19103F-16F7-4668-BE54-9A1E7A4F7556}") = "J3DX0H_GUI.Models", "J3DX0H_GUI.Models\J3DX0H_GUI.Models.csproj", "{23C1F30C-697E-446B-BA1E-844E2C8975A8}"
EndProject
Project("{2150E333-8FDC-42A3-9474-1A3956D46DE8}") = "FrontEnd", "FrontEnd", "{EC21AD8D-D765-45F9-9DB3-64AD2A0F7FFC}"
EndProject
Project("{2150E333-8FDC-42A3-9474-1A3956D46DE8}") = "BackEnd", "BackEnd", "{A500B10E-5657-4483-A681-E0805CBF98EA}"
EndProject
Project("{9A19103F-16F7-4668-BE54-9A1E7A4F7556}") = "J3DX0H_GUI.Repository", "J3DX0H_GUI.Repository\J3DX0H_GUI.Repository.csproj", "{18C9D8D5-2ED8-4425-8350-1230DCA402EF}"
EndProject
Project("{9A19103F-16F7-4668-BE54-9A1E7A4F7556}") = "J3DX0H_GUI.Logic", "J3DX0H_GUI.Logic\J3DX0H_GUI.Logic.csproj", "{5D1E080E-3693-416C-B84B-2BBD04028260}"
EndProject
Project("{9A19103F-16F7-4668-BE54-9A1E7A4F7556}") = "J3DX0H_GUI.Endpoint", "J3DX0H_GUI.Endpoint\J3DX0H_GUI.Endpoint.csproj", "{534F23A4-34F5-451E-B6F5-9BB9D0A2E31E}"
EndProject
Project("{FAE04EC0-301F-11D3-BF4B-00C04F79EFBC}") = "J3DX0H_GUI.Client", "J3DX0H_GUI.Client\J3DX0H_GUI.Client.csproj", "{B14FFBD9-A703-4AB7-89F6-A096D8A06D5C}"
EndProject
Global
	GlobalSection(SolutionConfigurationPlatforms) = preSolution
		Debug|Any CPU = Debug|Any CPU
		Release|Any CPU = Release|Any CPU
	EndGlobalSection
	GlobalSection(ProjectConfigurationPlatforms) = postSolution
		{BBFBCC9C-B889-4716-86E8-F761CE04C4CB}.Debug|Any CPU.ActiveCfg = Debug|Any CPU
		{BBFBCC9C-B889-4716-86E8-F761CE04C4CB}.Debug|Any CPU.Build.0 = Debug|Any CPU
		{BBFBCC9C-B889-4716-86E8-F761CE04C4CB}.Release|Any CPU.ActiveCfg = Release|Any CPU
		{BBFBCC9C-B889-4716-86E8-F761CE04C4CB}.Release|Any CPU.Build.0 = Release|Any CPU
		{23C1F30C-697E-446B-BA1E-844E2C8975A8}.Debug|Any CPU.ActiveCfg = Debug|Any CPU
		{23C1F30C-697E-446B-BA1E-844E2C8975A8}.Debug|Any CPU.Build.0 = Debug|Any CPU
		{23C1F30C-697E-446B-BA1E-844E2C8975A8}.Release|Any CPU.ActiveCfg = Release|Any CPU
		{23C1F30C-697E-446B-BA1E-844E2C8975A8}.Release|Any CPU.Build.0 = Release|Any CPU
		{18C9D8D5-2ED8-4425-8350-1230DCA402EF}.Debug|Any CPU.ActiveCfg = Debug|Any CPU
		{18C9D8D5-2ED8-4425-8350-1230DCA402EF}.Debug|Any CPU.Build.0 = Debug|Any CPU
		{18C9D8D5-2ED8-4425-8350-1230DCA402EF}.Release|Any CPU.ActiveCfg = Release|Any CPU
		{18C9D8D5-2ED8-4425-8350-1230DCA402EF}.Release|Any CPU.Build.0 = Release|Any CPU
		{5D1E080E-3693-416C-B84B-2BBD04028260}.Debug|Any CPU.ActiveCfg = Debug|Any CPU
		{5D1E080E-3693-416C-B84B-2BBD04028260}.Debug|Any CPU.Build.0 = Debug|Any CPU
		{5D1E080E-3693-416C-B84B-2BBD04028260}.Release|Any CPU.ActiveCfg = Release|Any CPU
		{5D1E080E-3693-416C-B84B-2BBD04028260}.Release|Any CPU.Build.0 = Release|Any CPU
		{534F23A4-34F5-451E-B6F5-9BB9D0A2E31E}.Debug|Any CPU.ActiveCfg = Debug|Any CPU
		{534F23A4-34F5-451E-B6F5-9BB9D0A2E31E}.Debug|Any CPU.Build.0 = Debug|Any CPU
		{534F23A4-34F5-451E-B6F5-9BB9D0A2E31E}.Release|Any CPU.ActiveCfg = Release|Any CPU
		{534F23A4-34F5-451E-B6F5-9BB9D0A2E31E}.Release|Any CPU.Build.0 = Release|Any CPU
		{B14FFBD9-A703-4AB7-89F6-A096D8A06D5C}.Debug|Any CPU.ActiveCfg = Debug|Any CPU
		{B14FFBD9-A703-4AB7-89F6-A096D8A06D5C}.Debug|Any CPU.Build.0 = Debug|Any CPU
		{B14FFBD9-A703-4AB7-89F6-A096D8A06D5C}.Release|Any CPU.ActiveCfg = Release|Any CPU
		{B14FFBD9-A703-4AB7-89F6-A096D8A06D5C}.Release|Any CPU.Build.0 = Release|Any CPU
	EndGlobalSection
	GlobalSection(SolutionProperties) = preSolution
		HideSolutionNode = FALSE
	EndGlobalSection
	GlobalSection(NestedProjects) = preSolution
		{23C1F30C-697E-446B-BA1E-844E2C8975A8} = {AE07372E-23D6-49C0-BC0C-E938C4A6BFD2}
		{18C9D8D5-2ED8-4425-8350-1230DCA402EF} = {A500B10E-5657-4483-A681-E0805CBF98EA}
		{5D1E080E-3693-416C-B84B-2BBD04028260} = {A500B10E-5657-4483-A681-E0805CBF98EA}
		{534F23A4-34F5-451E-B6F5-9BB9D0A2E31E} = {A500B10E-5657-4483-A681-E0805CBF98EA}
		{B14FFBD9-A703-4AB7-89F6-A096D8A06D5C} = {EC21AD8D-D765-45F9-9DB3-64AD2A0F7FFC}
	EndGlobalSection
	GlobalSection(ExtensibilityGlobals) = postSolution
		SolutionGuid = {43EA5084-3C16-45FD-862E-B8CB7E1B84FC}
	EndGlobalSection
EndGlobal
